
Microsoft Visual Studio Solution File, Format Version 12.00
# Visual Studio Version 17
VisualStudioVersion = 17.4.33213.308
MinimumVisualStudioVersion = 10.0.40219.1
Project("{FAE04EC0-301F-11D3-BF4B-00C04F79EFBC}") = "NZWalks.API", "NZWalks.API\NZWalks.API.csproj", "{F683E957-BD4D-43D5-BFF3-DFDF20D3412D}"
EndProject
Global
	GlobalSection(SolutionConfigurationPlatforms) = preSolution
		Debug|Any CPU = Debug|Any CPU
		Release|Any CPU = Release|Any CPU
	EndGlobalSection
	GlobalSection(ProjectConfigurationPlatforms) = postSolution
		{F683E957-BD4D-43D5-BFF3-DFDF20D3412D}.Debug|Any CPU.ActiveCfg = Debug|Any CPU
		{F683E957-BD4D-43D5-BFF3-DFDF20D3412D}.Debug|Any CPU.Build.0 = Debug|Any CPU
		{F683E957-BD4D-43D5-BFF3-DFDF20D3412D}.Release|Any CPU.ActiveCfg = Release|Any CPU
		{F683E957-BD4D-43D5-BFF3-DFDF20D3412D}.Release|Any CPU.Build.0 = Release|Any CPU
	EndGlobalSection
	GlobalSection(SolutionProperties) = preSolution
		HideSolutionNode = FALSE
	EndGlobalSection
	GlobalSection(ExtensibilityGlobals) = postSolution
		SolutionGuid = {D949CD44-A9D4-4EFF-B7A7-CC8BB7527AEC}
	EndGlobalSection
EndGlobal
